
Microsoft Visual Studio Solution File, Format Version 12.00
# Visual Studio 15
VisualStudioVersion = 15.0.26730.16
MinimumVisualStudioVersion = 10.0.40219.1
Project("{FAE04EC0-301F-11D3-BF4B-00C04F79EFBC}") = "NumericMethods", "ConsoleApp1\NumericMethods.csproj", "{5462B5B1-917D-40CE-AA89-09F96156D0FB}"
EndProject
Project("{FAE04EC0-301F-11D3-BF4B-00C04F79EFBC}") = "ELW.Library.Math", "ELW.Library.Math\ELW.Library.Math.csproj", "{0374C9F1-8508-421C-82A7-8D5DADB2B49A}"
EndProject
Project("{FAE04EC0-301F-11D3-BF4B-00C04F79EFBC}") = "Lab1", "Lab1\Lab1.csproj", "{9E991C73-813C-4256-80F1-B5D12EC514B6}"
EndProject
Project("{FAE04EC0-301F-11D3-BF4B-00C04F79EFBC}") = "Lab2", "Lab2\Lab2.csproj", "{D56B92AD-D1EC-4412-93C2-5D892E848103}"
EndProject
Project("{FAE04EC0-301F-11D3-BF4B-00C04F79EFBC}") = "Lab3", "Lab3\Lab3.csproj", "{2318D99E-6B19-4DC7-8720-7AC29867DC0B}"
EndProject
Project("{FAE04EC0-301F-11D3-BF4B-00C04F79EFBC}") = "Lab4", "Lab4\Lab4.csproj", "{01AD74D8-E7B1-41E0-AC34-CCA56C319516}"
EndProject
Project("{FAE04EC0-301F-11D3-BF4B-00C04F79EFBC}") = "Lab5", "Lab5\Lab5.csproj", "{A987E72F-41FF-4E72-A51E-D3119BCEDD4A}"
EndProject
Project("{FAE04EC0-301F-11D3-BF4B-00C04F79EFBC}") = "Lab6", "Lab6\Lab6.csproj", "{9E71A5A0-6BD0-4F5D-A38E-A2B2B003BBFA}"
EndProject
Project("{FAE04EC0-301F-11D3-BF4B-00C04F79EFBC}") = "Lab7", "Lab7\Lab7.csproj", "{00BB020E-E7F4-4705-8258-396EA8D6EAB7}"
EndProject
Project("{FAE04EC0-301F-11D3-BF4B-00C04F79EFBC}") = "Lab8", "Lab8\Lab8.csproj", "{C4D3A129-4EB6-40A0-9A0C-C50414F4B7E5}"
EndProject
Project("{FAE04EC0-301F-11D3-BF4B-00C04F79EFBC}") = "MPTest", "MPTest\MPTest.csproj", "{EB20FA0E-CD88-4EE9-96DE-14CA057B0E1B}"
EndProject
Global
	GlobalSection(SolutionConfigurationPlatforms) = preSolution
		Debug|Any CPU = Debug|Any CPU
		Release|Any CPU = Release|Any CPU
	EndGlobalSection
	GlobalSection(ProjectConfigurationPlatforms) = postSolution
		{5462B5B1-917D-40CE-AA89-09F96156D0FB}.Debug|Any CPU.ActiveCfg = Debug|Any CPU
		{5462B5B1-917D-40CE-AA89-09F96156D0FB}.Debug|Any CPU.Build.0 = Debug|Any CPU
		{5462B5B1-917D-40CE-AA89-09F96156D0FB}.Release|Any CPU.ActiveCfg = Release|Any CPU
		{5462B5B1-917D-40CE-AA89-09F96156D0FB}.Release|Any CPU.Build.0 = Release|Any CPU
		{0374C9F1-8508-421C-82A7-8D5DADB2B49A}.Debug|Any CPU.ActiveCfg = Debug|Any CPU
		{0374C9F1-8508-421C-82A7-8D5DADB2B49A}.Debug|Any CPU.Build.0 = Debug|Any CPU
		{0374C9F1-8508-421C-82A7-8D5DADB2B49A}.Release|Any CPU.ActiveCfg = Release|Any CPU
		{0374C9F1-8508-421C-82A7-8D5DADB2B49A}.Release|Any CPU.Build.0 = Release|Any CPU
		{9E991C73-813C-4256-80F1-B5D12EC514B6}.Debug|Any CPU.ActiveCfg = Debug|Any CPU
		{9E991C73-813C-4256-80F1-B5D12EC514B6}.Debug|Any CPU.Build.0 = Debug|Any CPU
		{9E991C73-813C-4256-80F1-B5D12EC514B6}.Release|Any CPU.ActiveCfg = Release|Any CPU
		{9E991C73-813C-4256-80F1-B5D12EC514B6}.Release|Any CPU.Build.0 = Release|Any CPU
		{D56B92AD-D1EC-4412-93C2-5D892E848103}.Debug|Any CPU.ActiveCfg = Debug|Any CPU
		{D56B92AD-D1EC-4412-93C2-5D892E848103}.Debug|Any CPU.Build.0 = Debug|Any CPU
		{D56B92AD-D1EC-4412-93C2-5D892E848103}.Release|Any CPU.ActiveCfg = Release|Any CPU
		{D56B92AD-D1EC-4412-93C2-5D892E848103}.Release|Any CPU.Build.0 = Release|Any CPU
		{2318D99E-6B19-4DC7-8720-7AC29867DC0B}.Debug|Any CPU.ActiveCfg = Debug|Any CPU
		{2318D99E-6B19-4DC7-8720-7AC29867DC0B}.Debug|Any CPU.Build.0 = Debug|Any CPU
		{2318D99E-6B19-4DC7-8720-7AC29867DC0B}.Release|Any CPU.ActiveCfg = Release|Any CPU
		{2318D99E-6B19-4DC7-8720-7AC29867DC0B}.Release|Any CPU.Build.0 = Release|Any CPU
		{01AD74D8-E7B1-41E0-AC34-CCA56C319516}.Debug|Any CPU.ActiveCfg = Debug|Any CPU
		{01AD74D8-E7B1-41E0-AC34-CCA56C319516}.Debug|Any CPU.Build.0 = Debug|Any CPU
		{01AD74D8-E7B1-41E0-AC34-CCA56C319516}.Release|Any CPU.ActiveCfg = Release|Any CPU
		{01AD74D8-E7B1-41E0-AC34-CCA56C319516}.Release|Any CPU.Build.0 = Release|Any CPU
		{A987E72F-41FF-4E72-A51E-D3119BCEDD4A}.Debug|Any CPU.ActiveCfg = Debug|Any CPU
		{A987E72F-41FF-4E72-A51E-D3119BCEDD4A}.Debug|Any CPU.Build.0 = Debug|Any CPU
		{A987E72F-41FF-4E72-A51E-D3119BCEDD4A}.Release|Any CPU.ActiveCfg = Release|Any CPU
		{A987E72F-41FF-4E72-A51E-D3119BCEDD4A}.Release|Any CPU.Build.0 = Release|Any CPU
		{9E71A5A0-6BD0-4F5D-A38E-A2B2B003BBFA}.Debug|Any CPU.ActiveCfg = Debug|Any CPU
		{9E71A5A0-6BD0-4F5D-A38E-A2B2B003BBFA}.Debug|Any CPU.Build.0 = Debug|Any CPU
		{9E71A5A0-6BD0-4F5D-A38E-A2B2B003BBFA}.Release|Any CPU.ActiveCfg = Release|Any CPU
		{9E71A5A0-6BD0-4F5D-A38E-A2B2B003BBFA}.Release|Any CPU.Build.0 = Release|Any CPU
		{00BB020E-E7F4-4705-8258-396EA8D6EAB7}.Debug|Any CPU.ActiveCfg = Debug|Any CPU
		{00BB020E-E7F4-4705-8258-396EA8D6EAB7}.Debug|Any CPU.Build.0 = Debug|Any CPU
		{00BB020E-E7F4-4705-8258-396EA8D6EAB7}.Release|Any CPU.ActiveCfg = Release|Any CPU
		{00BB020E-E7F4-4705-8258-396EA8D6EAB7}.Release|Any CPU.Build.0 = Release|Any CPU
		{C4D3A129-4EB6-40A0-9A0C-C50414F4B7E5}.Debug|Any CPU.ActiveCfg = Debug|Any CPU
		{C4D3A129-4EB6-40A0-9A0C-C50414F4B7E5}.Debug|Any CPU.Build.0 = Debug|Any CPU
		{C4D3A129-4EB6-40A0-9A0C-C50414F4B7E5}.Release|Any CPU.ActiveCfg = Release|Any CPU
		{C4D3A129-4EB6-40A0-9A0C-C50414F4B7E5}.Release|Any CPU.Build.0 = Release|Any CPU
		{EB20FA0E-CD88-4EE9-96DE-14CA057B0E1B}.Debug|Any CPU.ActiveCfg = Debug|Any CPU
		{EB20FA0E-CD88-4EE9-96DE-14CA057B0E1B}.Debug|Any CPU.Build.0 = Debug|Any CPU
		{EB20FA0E-CD88-4EE9-96DE-14CA057B0E1B}.Release|Any CPU.ActiveCfg = Release|Any CPU
		{EB20FA0E-CD88-4EE9-96DE-14CA057B0E1B}.Release|Any CPU.Build.0 = Release|Any CPU
	EndGlobalSection
	GlobalSection(SolutionProperties) = preSolution
		HideSolutionNode = FALSE
	EndGlobalSection
	GlobalSection(ExtensibilityGlobals) = postSolution
		SolutionGuid = {A67EA645-9FCF-4F01-A2A5-6E2D9881E1B5}
	EndGlobalSection
EndGlobal
